// !$*UTF8*$!
{
	archiveVersion = 1;
	classes = {
	};
	objectVersion = 56;
	objects = {

/* Begin PBXBuildFile section */
		77C0D2D22A6AA0920015529B /* AppDelegate.swift in Sources */ = {isa = PBXBuildFile; fileRef = 77C0D2D12A6AA0920015529B /* AppDelegate.swift */; };
		77C0D2D42A6AA0920015529B /* SceneDelegate.swift in Sources */ = {isa = PBXBuildFile; fileRef = 77C0D2D32A6AA0920015529B /* SceneDelegate.swift */; };
		77C0D2D62A6AA0920015529B /* ViewController.swift in Sources */ = {isa = PBXBuildFile; fileRef = 77C0D2D52A6AA0920015529B /* ViewController.swift */; };
		77C0D2DC2A6AA0920015529B /* FitnessNotebookApp.xcdatamodeld in Sources */ = {isa = PBXBuildFile; fileRef = 77C0D2DA2A6AA0920015529B /* FitnessNotebookApp.xcdatamodeld */; };
		77C0D2DE2A6AA0930015529B /* Assets.xcassets in Resources */ = {isa = PBXBuildFile; fileRef = 77C0D2DD2A6AA0930015529B /* Assets.xcassets */; };
		77C0D2E12A6AA0930015529B /* LaunchScreen.storyboard in Resources */ = {isa = PBXBuildFile; fileRef = 77C0D2DF2A6AA0930015529B /* LaunchScreen.storyboard */; };
/* End PBXBuildFile section */

/* Begin PBXFileReference section */
		77C0D2CE2A6AA0920015529B /* FitnessNotebookApp.app */ = {isa = PBXFileReference; explicitFileType = wrapper.application; includeInIndex = 0; path = FitnessNotebookApp.app; sourceTree = BUILT_PRODUCTS_DIR; };
		77C0D2D12A6AA0920015529B /* AppDelegate.swift */ = {isa = PBXFileReference; lastKnownFileType = sourcecode.swift; path = AppDelegate.swift; sourceTree = "<group>"; };
		77C0D2D32A6AA0920015529B /* SceneDelegate.swift */ = {isa = PBXFileReference; lastKnownFileType = sourcecode.swift; path = SceneDelegate.swift; sourceTree = "<group>"; };
		77C0D2D52A6AA0920015529B /* ViewController.swift */ = {isa = PBXFileReference; lastKnownFileType = sourcecode.swift; path = ViewController.swift; sourceTree = "<group>"; };
		77C0D2DB2A6AA0920015529B /* FitnessNotebookApp.xcdatamodel */ = {isa = PBXFileReference; lastKnownFileType = wrapper.xcdatamodel; path = FitnessNotebookApp.xcdatamodel; sourceTree = "<group>"; };
		77C0D2DD2A6AA0930015529B /* Assets.xcassets */ = {isa = PBXFileReference; lastKnownFileType = folder.assetcatalog; path = Assets.xcassets; sourceTree = "<group>"; };
		77C0D2E02A6AA0930015529B /* Base */ = {isa = PBXFileReference; lastKnownFileType = file.storyboard; name = Base; path = Base.lproj/LaunchScreen.storyboard; sourceTree = "<group>"; };
		77C0D2E22A6AA0930015529B /* Info.plist */ = {isa = PBXFileReference; lastKnownFileType = text.plist.xml; path = Info.plist; sourceTree = "<group>"; };
/* End PBXFileReference section */

/* Begin PBXFrameworksBuildPhase section */
		77C0D2CB2A6AA0920015529B /* Frameworks */ = {
			isa = PBXFrameworksBuildPhase;
			buildActionMask = 2147483647;
			files = (
			);
			runOnlyForDeploymentPostprocessing = 0;
		};
/* End PBXFrameworksBuildPhase section */

/* Begin PBXGroup section */
		77C0D2C52A6AA0920015529B = {
			isa = PBXGroup;
			children = (
				77C0D2D02A6AA0920015529B /* FitnessNotebookApp */,
				77C0D2CF2A6AA0920015529B /* Products */,
			);
			sourceTree = "<group>";
		};
		77C0D2CF2A6AA0920015529B /* Products */ = {
			isa = PBXGroup;
			children = (
				77C0D2CE2A6AA0920015529B /* FitnessNotebookApp.app */,
			);
			name = Products;
			sourceTree = "<group>";
		};
		77C0D2D02A6AA0920015529B /* FitnessNotebookApp */ = {
			isa = PBXGroup;
			children = (
				77C0D2EA2A6AA1A30015529B /* App */,
				77C0D2EC2A6AA3ED0015529B /* WorkoutList */,
				77C0D2E82A6AA1730015529B /* Models */,
				77C0D2EB2A6AA1B80015529B /* Storyboard */,
				77C0D2E92A6AA1870015529B /* Resources */,
			);
			path = FitnessNotebookApp;
			sourceTree = "<group>";
		};
		77C0D2E82A6AA1730015529B /* Models */ = {
			isa = PBXGroup;
			children = (
				77C0D2DA2A6AA0920015529B /* FitnessNotebookApp.xcdatamodeld */,
			);
			path = Models;
			sourceTree = "<group>";
		};
		77C0D2E92A6AA1870015529B /* Resources */ = {
			isa = PBXGroup;
			children = (
				77C0D2DD2A6AA0930015529B /* Assets.xcassets */,
			);
			path = Resources;
			sourceTree = "<group>";
		};
		77C0D2EA2A6AA1A30015529B /* App */ = {
			isa = PBXGroup;
			children = (
				77C0D2D12A6AA0920015529B /* AppDelegate.swift */,
				77C0D2D32A6AA0920015529B /* SceneDelegate.swift */,
				77C0D2E22A6AA0930015529B /* Info.plist */,
			);
			path = App;
			sourceTree = "<group>";
		};
		77C0D2EB2A6AA1B80015529B /* Storyboard */ = {
			isa = PBXGroup;
			children = (
				77C0D2DF2A6AA0930015529B /* LaunchScreen.storyboard */,
			);
			path = Storyboard;
			sourceTree = "<group>";
		};
		77C0D2EC2A6AA3ED0015529B /* WorkoutList */ = {
			isa = PBXGroup;
			children = (
				77C0D2D52A6AA0920015529B /* ViewController.swift */,
			);
			path = WorkoutList;
			sourceTree = "<group>";
		};
/* End PBXGroup section */

/* Begin PBXNativeTarget section */
		77C0D2CD2A6AA0920015529B /* FitnessNotebookApp */ = {
			isa = PBXNativeTarget;
			buildConfigurationList = 77C0D2E52A6AA0930015529B /* Build configuration list for PBXNativeTarget "FitnessNotebookApp" */;
			buildPhases = (
				77C0D2CA2A6AA0920015529B /* Sources */,
				77C0D2CB2A6AA0920015529B /* Frameworks */,
				77C0D2CC2A6AA0920015529B /* Resources */,
			);
			buildRules = (
			);
			dependencies = (
			);
			name = FitnessNotebookApp;
			productName = FitnessNotebookApp;
			productReference = 77C0D2CE2A6AA0920015529B /* FitnessNotebookApp.app */;
			productType = "com.apple.product-type.application";
		};
/* End PBXNativeTarget section */

/* Begin PBXProject section */
		77C0D2C62A6AA0920015529B /* Project object */ = {
			isa = PBXProject;
			attributes = {
				BuildIndependentTargetsInParallel = 1;
				LastSwiftUpdateCheck = 1430;
				LastUpgradeCheck = 1430;
				TargetAttributes = {
					77C0D2CD2A6AA0920015529B = {
						CreatedOnToolsVersion = 14.3.1;
					};
				};
			};
			buildConfigurationList = 77C0D2C92A6AA0920015529B /* Build configuration list for PBXProject "FitnessNotebookApp" */;
			compatibilityVersion = "Xcode 14.0";
			developmentRegion = en;
			hasScannedForEncodings = 0;
			knownRegions = (
				en,
				Base,
			);
			mainGroup = 77C0D2C52A6AA0920015529B;
			productRefGroup = 77C0D2CF2A6AA0920015529B /* Products */;
			projectDirPath = "";
			projectRoot = "";
			targets = (
				77C0D2CD2A6AA0920015529B /* FitnessNotebookApp */,
			);
		};
/* End PBXProject section */

/* Begin PBXResourcesBuildPhase section */
		77C0D2CC2A6AA0920015529B /* Resources */ = {
			isa = PBXResourcesBuildPhase;
			buildActionMask = 2147483647;
			files = (
				77C0D2E12A6AA0930015529B /* LaunchScreen.storyboard in Resources */,
				77C0D2DE2A6AA0930015529B /* Assets.xcassets in Resources */,
			);
			runOnlyForDeploymentPostprocessing = 0;
		};
/* End PBXResourcesBuildPhase section */

/* Begin PBXSourcesBuildPhase section */
		77C0D2CA2A6AA0920015529B /* Sources */ = {
			isa = PBXSourcesBuildPhase;
			buildActionMask = 2147483647;
			files = (
				77C0D2D62A6AA0920015529B /* ViewController.swift in Sources */,
				77C0D2DC2A6AA0920015529B /* FitnessNotebookApp.xcdatamodeld in Sources */,
				77C0D2D22A6AA0920015529B /* AppDelegate.swift in Sources */,
				77C0D2D42A6AA0920015529B /* SceneDelegate.swift in Sources */,
			);
			runOnlyForDeploymentPostprocessing = 0;
		};
/* End PBXSourcesBuildPhase section */

/* Begin PBXVariantGroup section */
		77C0D2DF2A6AA0930015529B /* LaunchScreen.storyboard */ = {
			isa = PBXVariantGroup;
			children = (
				77C0D2E02A6AA0930015529B /* Base */,
			);
			name = LaunchScreen.storyboard;
			sourceTree = "<group>";
		};
/* End PBXVariantGroup section */

/* Begin XCBuildConfiguration section */
		77C0D2E32A6AA0930015529B /* Debug */ = {
			isa = XCBuildConfiguration;
			buildSettings = {
				ALWAYS_SEARCH_USER_PATHS = NO;
				CLANG_ANALYZER_NONNULL = YES;
				CLANG_ANALYZER_NUMBER_OBJECT_CONVERSION = YES_AGGRESSIVE;
				CLANG_CXX_LANGUAGE_STANDARD = "gnu++20";
				CLANG_ENABLE_MODULES = YES;
				CLANG_ENABLE_OBJC_ARC = YES;
				CLANG_ENABLE_OBJC_WEAK = YES;
				CLANG_WARN_BLOCK_CAPTURE_AUTORELEASING = YES;
				CLANG_WARN_BOOL_CONVERSION = YES;
				CLANG_WARN_COMMA = YES;
				CLANG_WARN_CONSTANT_CONVERSION = YES;
				CLANG_WARN_DEPRECATED_OBJC_IMPLEMENTATIONS = YES;
				CLANG_WARN_DIRECT_OBJC_ISA_USAGE = YES_ERROR;
				CLANG_WARN_DOCUMENTATION_COMMENTS = YES;
				CLANG_WARN_EMPTY_BODY = YES;
				CLANG_WARN_ENUM_CONVERSION = YES;
				CLANG_WARN_INFINITE_RECURSION = YES;
				CLANG_WARN_INT_CONVERSION = YES;
				CLANG_WARN_NON_LITERAL_NULL_CONVERSION = YES;
				CLANG_WARN_OBJC_IMPLICIT_RETAIN_SELF = YES;
				CLANG_WARN_OBJC_LITERAL_CONVERSION = YES;
				CLANG_WARN_OBJC_ROOT_CLASS = YES_ERROR;
				CLANG_WARN_QUOTED_INCLUDE_IN_FRAMEWORK_HEADER = YES;
				CLANG_WARN_RANGE_LOOP_ANALYSIS = YES;
				CLANG_WARN_STRICT_PROTOTYPES = YES;
				CLANG_WARN_SUSPICIOUS_MOVE = YES;
				CLANG_WARN_UNGUARDED_AVAILABILITY = YES_AGGRESSIVE;
				CLANG_WARN_UNREACHABLE_CODE = YES;
				CLANG_WARN__DUPLICATE_METHOD_MATCH = YES;
				COPY_PHASE_STRIP = NO;
				DEBUG_INFORMATION_FORMAT = dwarf;
				ENABLE_STRICT_OBJC_MSGSEND = YES;
				ENABLE_TESTABILITY = YES;
				GCC_C_LANGUAGE_STANDARD = gnu11;
				GCC_DYNAMIC_NO_PIC = NO;
				GCC_NO_COMMON_BLOCKS = YES;
				GCC_OPTIMIZATION_LEVEL = 0;
				GCC_PREPROCESSOR_DEFINITIONS = (
					"DEBUG=1",
					"$(inherited)",
				);
				GCC_WARN_64_TO_32_BIT_CONVERSION = YES;
				GCC_WARN_ABOUT_RETURN_TYPE = YES_ERROR;
				GCC_WARN_UNDECLARED_SELECTOR = YES;
				GCC_WARN_UNINITIALIZED_AUTOS = YES_AGGRESSIVE;
				GCC_WARN_UNUSED_FUNCTION = YES;
				GCC_WARN_UNUSED_VARIABLE = YES;
				IPHONEOS_DEPLOYMENT_TARGET = 16.4;
				MTL_ENABLE_DEBUG_INFO = INCLUDE_SOURCE;
				MTL_FAST_MATH = YES;
				ONLY_ACTIVE_ARCH = YES;
				SDKROOT = iphoneos;
				SWIFT_ACTIVE_COMPILATION_CONDITIONS = DEBUG;
				SWIFT_OPTIMIZATION_LEVEL = "-Onone";
			};
			name = Debug;
		};
		77C0D2E42A6AA0930015529B /* Release */ = {
			isa = XCBuildConfiguration;
			buildSettings = {
				ALWAYS_SEARCH_USER_PATHS = NO;
				CLANG_ANALYZER_NONNULL = YES;
				CLANG_ANALYZER_NUMBER_OBJECT_CONVERSION = YES_AGGRESSIVE;
				CLANG_CXX_LANGUAGE_STANDARD = "gnu++20";
				CLANG_ENABLE_MODULES = YES;
				CLANG_ENABLE_OBJC_ARC = YES;
				CLANG_ENABLE_OBJC_WEAK = YES;
				CLANG_WARN_BLOCK_CAPTURE_AUTORELEASING = YES;
				CLANG_WARN_BOOL_CONVERSION = YES;
				CLANG_WARN_COMMA = YES;
				CLANG_WARN_CONSTANT_CONVERSION = YES;
				CLANG_WARN_DEPRECATED_OBJC_IMPLEMENTATIONS = YES;
				CLANG_WARN_DIRECT_OBJC_ISA_USAGE = YES_ERROR;
				CLANG_WARN_DOCUMENTATION_COMMENTS = YES;
				CLANG_WARN_EMPTY_BODY = YES;
				CLANG_WARN_ENUM_CONVERSION = YES;
				CLANG_WARN_INFINITE_RECURSION = YES;
				CLANG_WARN_INT_CONVERSION = YES;
				CLANG_WARN_NON_LITERAL_NULL_CONVERSION = YES;
				CLANG_WARN_OBJC_IMPLICIT_RETAIN_SELF = YES;
				CLANG_WARN_OBJC_LITERAL_CONVERSION = YES;
				CLANG_WARN_OBJC_ROOT_CLASS = YES_ERROR;
				CLANG_WARN_QUOTED_INCLUDE_IN_FRAMEWORK_HEADER = YES;
				CLANG_WARN_RANGE_LOOP_ANALYSIS = YES;
				CLANG_WARN_STRICT_PROTOTYPES = YES;
				CLANG_WARN_SUSPICIOUS_MOVE = YES;
				CLANG_WARN_UNGUARDED_AVAILABILITY = YES_AGGRESSIVE;
				CLANG_WARN_UNREACHABLE_CODE = YES;
				CLANG_WARN__DUPLICATE_METHOD_MATCH = YES;
				COPY_PHASE_STRIP = NO;
				DEBUG_INFORMATION_FORMAT = "dwarf-with-dsym";
				ENABLE_NS_ASSERTIONS = NO;
				ENABLE_STRICT_OBJC_MSGSEND = YES;
				GCC_C_LANGUAGE_STANDARD = gnu11;
				GCC_NO_COMMON_BLOCKS = YES;
				GCC_WARN_64_TO_32_BIT_CONVERSION = YES;
				GCC_WARN_ABOUT_RETURN_TYPE = YES_ERROR;
				GCC_WARN_UNDECLARED_SELECTOR = YES;
				GCC_WARN_UNINITIALIZED_AUTOS = YES_AGGRESSIVE;
				GCC_WARN_UNUSED_FUNCTION = YES;
				GCC_WARN_UNUSED_VARIABLE = YES;
				IPHONEOS_DEPLOYMENT_TARGET = 16.4;
				MTL_ENABLE_DEBUG_INFO = NO;
				MTL_FAST_MATH = YES;
				SDKROOT = iphoneos;
				SWIFT_COMPILATION_MODE = wholemodule;
				SWIFT_OPTIMIZATION_LEVEL = "-O";
				VALIDATE_PRODUCT = YES;
			};
			name = Release;
		};
		77C0D2E62A6AA0930015529B /* Debug */ = {
			isa = XCBuildConfiguration;
			buildSettings = {
				ASSETCATALOG_COMPILER_APPICON_NAME = AppIcon;
				ASSETCATALOG_COMPILER_GLOBAL_ACCENT_COLOR_NAME = AccentColor;
				CODE_SIGN_STYLE = Automatic;
				CURRENT_PROJECT_VERSION = 1;
				DEVELOPMENT_TEAM = LBNC46BWQQ;
				GENERATE_INFOPLIST_FILE = YES;
				INFOPLIST_FILE = FitnessNotebookApp/App/Info.plist;
				INFOPLIST_KEY_LSApplicationCategoryType = "public.app-category.healthcare-fitness";
				INFOPLIST_KEY_UIApplicationSupportsIndirectInputEvents = YES;
				INFOPLIST_KEY_UILaunchStoryboardName = LaunchScreen;
				INFOPLIST_KEY_UIMainStoryboardFile = Main;
				INFOPLIST_KEY_UISupportedInterfaceOrientations = UIInterfaceOrientationPortrait;
				INFOPLIST_KEY_UISupportedInterfaceOrientations_iPad = "UIInterfaceOrientationLandscapeLeft UIInterfaceOrientationLandscapeRight UIInterfaceOrientationPortrait UIInterfaceOrientationPortraitUpsideDown";
				IPHONEOS_DEPLOYMENT_TARGET = 15.4;
				LD_RUNPATH_SEARCH_PATHS = (
					"$(inherited)",
					"@executable_path/Frameworks",
				);
				MARKETING_VERSION = 0.0.1;
				PRODUCT_BUNDLE_IDENTIFIER = com.SergeiBakhmatov.FitnessNotebookApp;
				PRODUCT_NAME = "$(TARGET_NAME)";
				SUPPORTED_PLATFORMS = "iphoneos iphonesimulator";
				SUPPORTS_MACCATALYST = NO;
				SUPPORTS_MAC_DESIGNED_FOR_IPHONE_IPAD = NO;
				SWIFT_EMIT_LOC_STRINGS = YES;
				SWIFT_VERSION = 5.0;
				TARGETED_DEVICE_FAMILY = 1;
			};
			name = Debug;
		};
		77C0D2E72A6AA0930015529B /* Release */ = {
			isa = XCBuildConfiguration;
			buildSettings = {
				ASSETCATALOG_COMPILER_APPICON_NAME = AppIcon;
				ASSETCATALOG_COMPILER_GLOBAL_ACCENT_COLOR_NAME = AccentColor;
				CODE_SIGN_STYLE = Automatic;
				CURRENT_PROJECT_VERSION = 1;
				DEVELOPMENT_TEAM = LBNC46BWQQ;
				GENERATE_INFOPLIST_FILE = YES;
				INFOPLIST_FILE = FitnessNotebookApp/App/Info.plist;
				INFOPLIST_KEY_LSApplicationCategoryType = "public.app-category.healthcare-fitness";
				INFOPLIST_KEY_UIApplicationSupportsIndirectInputEvents = YES;
				INFOPLIST_KEY_UILaunchStoryboardName = LaunchScreen;
				INFOPLIST_KEY_UIMainStoryboardFile = Main;
				INFOPLIST_KEY_UISupportedInterfaceOrientations = UIInterfaceOrientationPortrait;
				INFOPLIST_KEY_UISupportedInterfaceOrientations_iPad = "UIInterfaceOrientationLandscapeLeft UIInterfaceOrientationLandscapeRight UIInterfaceOrientationPortrait UIInterfaceOrientationPortraitUpsideDown";
				IPHONEOS_DEPLOYMENT_TARGET = 15.4;
				LD_RUNPATH_SEARCH_PATHS = (
					"$(inherited)",
					"@executable_path/Frameworks",
				);
				MARKETING_VERSION = 0.0.1;
				PRODUCT_BUNDLE_IDENTIFIER = com.SergeiBakhmatov.FitnessNotebookApp;
				PRODUCT_NAME = "$(TARGET_NAME)";
				SUPPORTED_PLATFORMS = "iphoneos iphonesimulator";
				SUPPORTS_MACCATALYST = NO;
				SUPPORTS_MAC_DESIGNED_FOR_IPHONE_IPAD = NO;
				SWIFT_EMIT_LOC_STRINGS = YES;
				SWIFT_VERSION = 5.0;
				TARGETED_DEVICE_FAMILY = 1;
			};
			name = Release;
		};
/* End XCBuildConfiguration section */

/* Begin XCConfigurationList section */
		77C0D2C92A6AA0920015529B /* Build configuration list for PBXProject "FitnessNotebookApp" */ = {
			isa = XCConfigurationList;
			buildConfigurations = (
				77C0D2E32A6AA0930015529B /* Debug */,
				77C0D2E42A6AA0930015529B /* Release */,
			);
			defaultConfigurationIsVisible = 0;
			defaultConfigurationName = Release;
		};
		77C0D2E52A6AA0930015529B /* Build configuration list for PBXNativeTarget "FitnessNotebookApp" */ = {
			isa = XCConfigurationList;
			buildConfigurations = (
				77C0D2E62A6AA0930015529B /* Debug */,
				77C0D2E72A6AA0930015529B /* Release */,
			);
			defaultConfigurationIsVisible = 0;
			defaultConfigurationName = Release;
		};
/* End XCConfigurationList section */

/* Begin XCVersionGroup section */
		77C0D2DA2A6AA0920015529B /* FitnessNotebookApp.xcdatamodeld */ = {
			isa = XCVersionGroup;
			children = (
				77C0D2DB2A6AA0920015529B /* FitnessNotebookApp.xcdatamodel */,
			);
			currentVersion = 77C0D2DB2A6AA0920015529B /* FitnessNotebookApp.xcdatamodel */;
			path = FitnessNotebookApp.xcdatamodeld;
			sourceTree = "<group>";
			versionGroupType = wrapper.xcdatamodel;
		};
/* End XCVersionGroup section */
	};
	rootObject = 77C0D2C62A6AA0920015529B /* Project object */;
}
